// !$*UTF8*$!
{
	archiveVersion = 1;
	classes = {
	};
	objectVersion = 46;
	objects = {

/* Begin PBXBuildFile section */
		F82A09401D922387008A486F /* SFPullToRefreshView.m in Sources */ = {isa = PBXBuildFile; fileRef = F82A093F1D922387008A486F /* SFPullToRefreshView.m */; };
		F82A09441D92837A008A486F /* UIColor+SFColors.m in Sources */ = {isa = PBXBuildFile; fileRef = F82A09431D92837A008A486F /* UIColor+SFColors.m */; };
		F83B31E61D90A52E00EE1173 /* SFFeedViewController.m in Sources */ = {isa = PBXBuildFile; fileRef = F83B31E51D90A52E00EE1173 /* SFFeedViewController.m */; };
		F83B31EB1D90A59200EE1173 /* SFFeedObject.m in Sources */ = {isa = PBXBuildFile; fileRef = F83B31EA1D90A59200EE1173 /* SFFeedObject.m */; };
		F83B31EF1D90A6CB00EE1173 /* SFFetchedResultsController.m in Sources */ = {isa = PBXBuildFile; fileRef = F83B31EE1D90A6CB00EE1173 /* SFFetchedResultsController.m */; };
		F83B31F21D90A6F800EE1173 /* SFWebService.m in Sources */ = {isa = PBXBuildFile; fileRef = F83B31F11D90A6F800EE1173 /* SFWebService.m */; };
		F83B31F61D90AAAF00EE1173 /* SFFeedCollectionViewCell.m in Sources */ = {isa = PBXBuildFile; fileRef = F83B31F51D90AAAF00EE1173 /* SFFeedCollectionViewCell.m */; };
		F885DB581D91FD7800970FAA /* SFLightBoxViewController.m in Sources */ = {isa = PBXBuildFile; fileRef = F885DB571D91FD7800970FAA /* SFLightBoxViewController.m */; };
		F8BBEC8A1D9081C800BCFDF7 /* main.m in Sources */ = {isa = PBXBuildFile; fileRef = F8BBEC891D9081C800BCFDF7 /* main.m */; };
		F8BBEC8D1D9081C800BCFDF7 /* AppDelegate.m in Sources */ = {isa = PBXBuildFile; fileRef = F8BBEC8C1D9081C800BCFDF7 /* AppDelegate.m */; };
		F8BBEC931D9081C800BCFDF7 /* Main.storyboard in Resources */ = {isa = PBXBuildFile; fileRef = F8BBEC911D9081C800BCFDF7 /* Main.storyboard */; };
		F8BBEC951D9081C800BCFDF7 /* Assets.xcassets in Resources */ = {isa = PBXBuildFile; fileRef = F8BBEC941D9081C800BCFDF7 /* Assets.xcassets */; };
		F8BBEC981D9081C800BCFDF7 /* LaunchScreen.storyboard in Resources */ = {isa = PBXBuildFile; fileRef = F8BBEC961D9081C800BCFDF7 /* LaunchScreen.storyboard */; };
		F8BBECA41D9083CF00BCFDF7 /* SFLightBoxView.m in Sources */ = {isa = PBXBuildFile; fileRef = F8BBECA31D9083CF00BCFDF7 /* SFLightBoxView.m */; };
		F8DC99721D93257E00F7D3E7 /* sharky.png in Resources */ = {isa = PBXBuildFile; fileRef = F8DC99711D93257E00F7D3E7 /* sharky.png */; };
		F8DC99741D932BBA00F7D3E7 /* MissingImage.png in Resources */ = {isa = PBXBuildFile; fileRef = F8DC99731D932BBA00F7D3E7 /* MissingImage.png */; };
		F8DC99761D93314E00F7D3E7 /* SFLabelLogo.png in Resources */ = {isa = PBXBuildFile; fileRef = F8DC99751D93314E00F7D3E7 /* SFLabelLogo.png */; };
		F8F2EBD81D934148002C9445 /* SFLogo.png in Resources */ = {isa = PBXBuildFile; fileRef = F8F2EBD71D934148002C9445 /* SFLogo.png */; };
/* End PBXBuildFile section */

/* Begin PBXFileReference section */
		F82A093E1D922387008A486F /* SFPullToRefreshView.h */ = {isa = PBXFileReference; fileEncoding = 4; lastKnownFileType = sourcecode.c.h; path = SFPullToRefreshView.h; sourceTree = "<group>"; };
		F82A093F1D922387008A486F /* SFPullToRefreshView.m */ = {isa = PBXFileReference; fileEncoding = 4; lastKnownFileType = sourcecode.c.objc; path = SFPullToRefreshView.m; sourceTree = "<group>"; };
		F82A09421D92837A008A486F /* UIColor+SFColors.h */ = {isa = PBXFileReference; fileEncoding = 4; lastKnownFileType = sourcecode.c.h; path = "UIColor+SFColors.h"; sourceTree = "<group>"; };
		F82A09431D92837A008A486F /* UIColor+SFColors.m */ = {isa = PBXFileReference; fileEncoding = 4; lastKnownFileType = sourcecode.c.objc; path = "UIColor+SFColors.m"; sourceTree = "<group>"; };
		F83B31E41D90A52E00EE1173 /* SFFeedViewController.h */ = {isa = PBXFileReference; fileEncoding = 4; lastKnownFileType = sourcecode.c.h; path = SFFeedViewController.h; sourceTree = "<group>"; };
		F83B31E51D90A52E00EE1173 /* SFFeedViewController.m */ = {isa = PBXFileReference; fileEncoding = 4; lastKnownFileType = sourcecode.c.objc; path = SFFeedViewController.m; sourceTree = "<group>"; };
		F83B31E91D90A59200EE1173 /* SFFeedObject.h */ = {isa = PBXFileReference; fileEncoding = 4; lastKnownFileType = sourcecode.c.h; path = SFFeedObject.h; sourceTree = "<group>"; };
		F83B31EA1D90A59200EE1173 /* SFFeedObject.m */ = {isa = PBXFileReference; fileEncoding = 4; lastKnownFileType = sourcecode.c.objc; path = SFFeedObject.m; sourceTree = "<group>"; };
		F83B31ED1D90A6CB00EE1173 /* SFFetchedResultsController.h */ = {isa = PBXFileReference; fileEncoding = 4; lastKnownFileType = sourcecode.c.h; path = SFFetchedResultsController.h; sourceTree = "<group>"; };
		F83B31EE1D90A6CB00EE1173 /* SFFetchedResultsController.m */ = {isa = PBXFileReference; fileEncoding = 4; lastKnownFileType = sourcecode.c.objc; path = SFFetchedResultsController.m; sourceTree = "<group>"; };
		F83B31F01D90A6F800EE1173 /* SFWebService.h */ = {isa = PBXFileReference; fileEncoding = 4; lastKnownFileType = sourcecode.c.h; path = SFWebService.h; sourceTree = "<group>"; };
		F83B31F11D90A6F800EE1173 /* SFWebService.m */ = {isa = PBXFileReference; fileEncoding = 4; lastKnownFileType = sourcecode.c.objc; path = SFWebService.m; sourceTree = "<group>"; };
		F83B31F41D90AAAF00EE1173 /* SFFeedCollectionViewCell.h */ = {isa = PBXFileReference; fileEncoding = 4; lastKnownFileType = sourcecode.c.h; path = SFFeedCollectionViewCell.h; sourceTree = "<group>"; };
		F83B31F51D90AAAF00EE1173 /* SFFeedCollectionViewCell.m */ = {isa = PBXFileReference; fileEncoding = 4; lastKnownFileType = sourcecode.c.objc; path = SFFeedCollectionViewCell.m; sourceTree = "<group>"; };
		F83B31F71D90AE8400EE1173 /* SFConstants.h */ = {isa = PBXFileReference; fileEncoding = 4; lastKnownFileType = sourcecode.c.h; path = SFConstants.h; sourceTree = "<group>"; };
		F885DB561D91FD7800970FAA /* SFLightBoxViewController.h */ = {isa = PBXFileReference; fileEncoding = 4; lastKnownFileType = sourcecode.c.h; path = SFLightBoxViewController.h; sourceTree = "<group>"; };
		F885DB571D91FD7800970FAA /* SFLightBoxViewController.m */ = {isa = PBXFileReference; fileEncoding = 4; lastKnownFileType = sourcecode.c.objc; path = SFLightBoxViewController.m; sourceTree = "<group>"; };
		F8BBEC851D9081C800BCFDF7 /* SharkFeed.app */ = {isa = PBXFileReference; explicitFileType = wrapper.application; includeInIndex = 0; path = SharkFeed.app; sourceTree = BUILT_PRODUCTS_DIR; };
		F8BBEC891D9081C800BCFDF7 /* main.m */ = {isa = PBXFileReference; lastKnownFileType = sourcecode.c.objc; path = main.m; sourceTree = "<group>"; };
		F8BBEC8B1D9081C800BCFDF7 /* AppDelegate.h */ = {isa = PBXFileReference; lastKnownFileType = sourcecode.c.h; path = AppDelegate.h; sourceTree = "<group>"; };
		F8BBEC8C1D9081C800BCFDF7 /* AppDelegate.m */ = {isa = PBXFileReference; lastKnownFileType = sourcecode.c.objc; path = AppDelegate.m; sourceTree = "<group>"; };
		F8BBEC921D9081C800BCFDF7 /* Base */ = {isa = PBXFileReference; lastKnownFileType = file.storyboard; name = Base; path = Base.lproj/Main.storyboard; sourceTree = "<group>"; };
		F8BBEC941D9081C800BCFDF7 /* Assets.xcassets */ = {isa = PBXFileReference; lastKnownFileType = folder.assetcatalog; path = Assets.xcassets; sourceTree = "<group>"; };
		F8BBEC971D9081C800BCFDF7 /* Base */ = {isa = PBXFileReference; lastKnownFileType = file.storyboard; name = Base; path = Base.lproj/LaunchScreen.storyboard; sourceTree = "<group>"; };
		F8BBEC991D9081C800BCFDF7 /* Info.plist */ = {isa = PBXFileReference; lastKnownFileType = text.plist.xml; path = Info.plist; sourceTree = "<group>"; };
		F8BBECA21D9083CF00BCFDF7 /* SFLightBoxView.h */ = {isa = PBXFileReference; fileEncoding = 4; lastKnownFileType = sourcecode.c.h; path = SFLightBoxView.h; sourceTree = "<group>"; };
		F8BBECA31D9083CF00BCFDF7 /* SFLightBoxView.m */ = {isa = PBXFileReference; fileEncoding = 4; lastKnownFileType = sourcecode.c.objc; path = SFLightBoxView.m; sourceTree = "<group>"; };
		F8DC99711D93257E00F7D3E7 /* sharky.png */ = {isa = PBXFileReference; lastKnownFileType = image.png; path = sharky.png; sourceTree = "<group>"; };
		F8DC99731D932BBA00F7D3E7 /* MissingImage.png */ = {isa = PBXFileReference; lastKnownFileType = image.png; path = MissingImage.png; sourceTree = "<group>"; };
		F8DC99751D93314E00F7D3E7 /* SFLabelLogo.png */ = {isa = PBXFileReference; lastKnownFileType = image.png; path = SFLabelLogo.png; sourceTree = "<group>"; };
		F8F2EBD71D934148002C9445 /* SFLogo.png */ = {isa = PBXFileReference; lastKnownFileType = image.png; path = SFLogo.png; sourceTree = "<group>"; };
/* End PBXFileReference section */

/* Begin PBXFrameworksBuildPhase section */
		F8BBEC821D9081C800BCFDF7 /* Frameworks */ = {
			isa = PBXFrameworksBuildPhase;
			buildActionMask = 2147483647;
			files = (
			);
			runOnlyForDeploymentPostprocessing = 0;
		};
/* End PBXFrameworksBuildPhase section */

/* Begin PBXGroup section */
		F82A09411D9282B0008A486F /* Utility */ = {
			isa = PBXGroup;
			children = (
				F83B31F71D90AE8400EE1173 /* SFConstants.h */,
				F82A09421D92837A008A486F /* UIColor+SFColors.h */,
				F82A09431D92837A008A486F /* UIColor+SFColors.m */,
			);
			name = Utility;
			sourceTree = "<group>";
		};
		F83B31E71D90A53A00EE1173 /* Controllers */ = {
			isa = PBXGroup;
			children = (
				F83B31E41D90A52E00EE1173 /* SFFeedViewController.h */,
				F83B31E51D90A52E00EE1173 /* SFFeedViewController.m */,
				F885DB561D91FD7800970FAA /* SFLightBoxViewController.h */,
				F885DB571D91FD7800970FAA /* SFLightBoxViewController.m */,
			);
			name = Controllers;
			sourceTree = "<group>";
		};
		F83B31E81D90A54500EE1173 /* Views */ = {
			isa = PBXGroup;
			children = (
				F8BBECA21D9083CF00BCFDF7 /* SFLightBoxView.h */,
				F8BBECA31D9083CF00BCFDF7 /* SFLightBoxView.m */,
				F82A093E1D922387008A486F /* SFPullToRefreshView.h */,
				F82A093F1D922387008A486F /* SFPullToRefreshView.m */,
				F83B31F41D90AAAF00EE1173 /* SFFeedCollectionViewCell.h */,
				F83B31F51D90AAAF00EE1173 /* SFFeedCollectionViewCell.m */,
			);
			name = Views;
			sourceTree = "<group>";
		};
		F83B31EC1D90A59900EE1173 /* Model */ = {
			isa = PBXGroup;
			children = (
				F83B31E91D90A59200EE1173 /* SFFeedObject.h */,
				F83B31EA1D90A59200EE1173 /* SFFeedObject.m */,
			);
			name = Model;
			sourceTree = "<group>";
		};
		F83B31F31D90A70E00EE1173 /* Managers */ = {
			isa = PBXGroup;
			children = (
				F83B31ED1D90A6CB00EE1173 /* SFFetchedResultsController.h */,
				F83B31EE1D90A6CB00EE1173 /* SFFetchedResultsController.m */,
				F83B31F01D90A6F800EE1173 /* SFWebService.h */,
				F83B31F11D90A6F800EE1173 /* SFWebService.m */,
			);
			name = Managers;
			sourceTree = "<group>";
		};
		F8BBEC7C1D9081C700BCFDF7 = {
			isa = PBXGroup;
			children = (
				F8BBEC871D9081C800BCFDF7 /* SharkFeed */,
				F8BBEC861D9081C800BCFDF7 /* Products */,
			);
			sourceTree = "<group>";
		};
		F8BBEC861D9081C800BCFDF7 /* Products */ = {
			isa = PBXGroup;
			children = (
				F8BBEC851D9081C800BCFDF7 /* SharkFeed.app */,
			);
			name = Products;
			sourceTree = "<group>";
		};
		F8BBEC871D9081C800BCFDF7 /* SharkFeed */ = {
			isa = PBXGroup;
			children = (
				F8BBEC8B1D9081C800BCFDF7 /* AppDelegate.h */,
				F8BBEC8C1D9081C800BCFDF7 /* AppDelegate.m */,
				F8BBEC911D9081C800BCFDF7 /* Main.storyboard */,
				F83B31E71D90A53A00EE1173 /* Controllers */,
				F83B31E81D90A54500EE1173 /* Views */,
				F83B31EC1D90A59900EE1173 /* Model */,
				F83B31F31D90A70E00EE1173 /* Managers */,
				F82A09411D9282B0008A486F /* Utility */,
				F8BBEC941D9081C800BCFDF7 /* Assets.xcassets */,
				F8F2EBD71D934148002C9445 /* SFLogo.png */,
				F8DC99731D932BBA00F7D3E7 /* MissingImage.png */,
				F8DC99751D93314E00F7D3E7 /* SFLabelLogo.png */,
				F8DC99711D93257E00F7D3E7 /* sharky.png */,
				F8BBEC961D9081C800BCFDF7 /* LaunchScreen.storyboard */,
				F8BBEC991D9081C800BCFDF7 /* Info.plist */,
				F8BBEC881D9081C800BCFDF7 /* Supporting Files */,
			);
			path = SharkFeed;
			sourceTree = "<group>";
		};
		F8BBEC881D9081C800BCFDF7 /* Supporting Files */ = {
			isa = PBXGroup;
			children = (
				F8BBEC891D9081C800BCFDF7 /* main.m */,
			);
			name = "Supporting Files";
			sourceTree = "<group>";
		};
/* End PBXGroup section */

/* Begin PBXNativeTarget section */
		F8BBEC841D9081C800BCFDF7 /* SharkFeed */ = {
			isa = PBXNativeTarget;
			buildConfigurationList = F8BBEC9C1D9081C800BCFDF7 /* Build configuration list for PBXNativeTarget "SharkFeed" */;
			buildPhases = (
				F8BBEC811D9081C800BCFDF7 /* Sources */,
				F8BBEC821D9081C800BCFDF7 /* Frameworks */,
				F8BBEC831D9081C800BCFDF7 /* Resources */,
			);
			buildRules = (
			);
			dependencies = (
			);
			name = SharkFeed;
			productName = SharkFeed;
			productReference = F8BBEC851D9081C800BCFDF7 /* SharkFeed.app */;
			productType = "com.apple.product-type.application";
		};
/* End PBXNativeTarget section */

/* Begin PBXProject section */
		F8BBEC7D1D9081C800BCFDF7 /* Project object */ = {
			isa = PBXProject;
			attributes = {
				LastUpgradeCheck = 0730;
				ORGANIZATIONNAME = "Yahoo-Brandon_Askea";
				TargetAttributes = {
					F8BBEC841D9081C800BCFDF7 = {
						CreatedOnToolsVersion = 7.3.1;
						DevelopmentTeam = A4LJ2YC4BS;
					};
				};
			};
			buildConfigurationList = F8BBEC801D9081C800BCFDF7 /* Build configuration list for PBXProject "SharkFeed" */;
			compatibilityVersion = "Xcode 3.2";
			developmentRegion = English;
			hasScannedForEncodings = 0;
			knownRegions = (
				en,
				Base,
			);
			mainGroup = F8BBEC7C1D9081C700BCFDF7;
			productRefGroup = F8BBEC861D9081C800BCFDF7 /* Products */;
			projectDirPath = "";
			projectRoot = "";
			targets = (
				F8BBEC841D9081C800BCFDF7 /* SharkFeed */,
			);
		};
/* End PBXProject section */

/* Begin PBXResourcesBuildPhase section */
		F8BBEC831D9081C800BCFDF7 /* Resources */ = {
			isa = PBXResourcesBuildPhase;
			buildActionMask = 2147483647;
			files = (
				F8DC99741D932BBA00F7D3E7 /* MissingImage.png in Resources */,
				F8BBEC981D9081C800BCFDF7 /* LaunchScreen.storyboard in Resources */,
				F8DC99761D93314E00F7D3E7 /* SFLabelLogo.png in Resources */,
				F8BBEC951D9081C800BCFDF7 /* Assets.xcassets in Resources */,
				F8BBEC931D9081C800BCFDF7 /* Main.storyboard in Resources */,
				F8F2EBD81D934148002C9445 /* SFLogo.png in Resources */,
				F8DC99721D93257E00F7D3E7 /* sharky.png in Resources */,
			);
			runOnlyForDeploymentPostprocessing = 0;
		};
/* End PBXResourcesBuildPhase section */

/* Begin PBXSourcesBuildPhase section */
		F8BBEC811D9081C800BCFDF7 /* Sources */ = {
			isa = PBXSourcesBuildPhase;
			buildActionMask = 2147483647;
			files = (
				F8BBECA41D9083CF00BCFDF7 /* SFLightBoxView.m in Sources */,
				F83B31F61D90AAAF00EE1173 /* SFFeedCollectionViewCell.m in Sources */,
				F83B31E61D90A52E00EE1173 /* SFFeedViewController.m in Sources */,
				F8BBEC8D1D9081C800BCFDF7 /* AppDelegate.m in Sources */,
				F885DB581D91FD7800970FAA /* SFLightBoxViewController.m in Sources */,
				F83B31F21D90A6F800EE1173 /* SFWebService.m in Sources */,
				F83B31EF1D90A6CB00EE1173 /* SFFetchedResultsController.m in Sources */,
				F82A09401D922387008A486F /* SFPullToRefreshView.m in Sources */,
				F82A09441D92837A008A486F /* UIColor+SFColors.m in Sources */,
				F83B31EB1D90A59200EE1173 /* SFFeedObject.m in Sources */,
				F8BBEC8A1D9081C800BCFDF7 /* main.m in Sources */,
			);
			runOnlyForDeploymentPostprocessing = 0;
		};
/* End PBXSourcesBuildPhase section */

/* Begin PBXVariantGroup section */
		F8BBEC911D9081C800BCFDF7 /* Main.storyboard */ = {
			isa = PBXVariantGroup;
			children = (
				F8BBEC921D9081C800BCFDF7 /* Base */,
			);
			name = Main.storyboard;
			sourceTree = "<group>";
		};
		F8BBEC961D9081C800BCFDF7 /* LaunchScreen.storyboard */ = {
			isa = PBXVariantGroup;
			children = (
				F8BBEC971D9081C800BCFDF7 /* Base */,
			);
			name = LaunchScreen.storyboard;
			sourceTree = "<group>";
		};
/* End PBXVariantGroup section */

/* Begin XCBuildConfiguration section */
		F8BBEC9A1D9081C800BCFDF7 /* Debug */ = {
			isa = XCBuildConfiguration;
			buildSettings = {
				ALWAYS_SEARCH_USER_PATHS = NO;
				CLANG_ANALYZER_NONNULL = YES;
				CLANG_CXX_LANGUAGE_STANDARD = "gnu++0x";
				CLANG_CXX_LIBRARY = "libc++";
				CLANG_ENABLE_MODULES = YES;
				CLANG_ENABLE_OBJC_ARC = YES;
				CLANG_WARN_BOOL_CONVERSION = YES;
				CLANG_WARN_CONSTANT_CONVERSION = YES;
				CLANG_WARN_DIRECT_OBJC_ISA_USAGE = YES_ERROR;
				CLANG_WARN_EMPTY_BODY = YES;
				CLANG_WARN_ENUM_CONVERSION = YES;
				CLANG_WARN_INT_CONVERSION = YES;
				CLANG_WARN_OBJC_ROOT_CLASS = YES_ERROR;
				CLANG_WARN_UNREACHABLE_CODE = YES;
				CLANG_WARN__DUPLICATE_METHOD_MATCH = YES;
				"CODE_SIGN_IDENTITY[sdk=iphoneos*]" = "iPhone Developer";
				COPY_PHASE_STRIP = NO;
				DEBUG_INFORMATION_FORMAT = dwarf;
				ENABLE_STRICT_OBJC_MSGSEND = YES;
				ENABLE_TESTABILITY = YES;
				GCC_C_LANGUAGE_STANDARD = gnu99;
				GCC_DYNAMIC_NO_PIC = NO;
				GCC_NO_COMMON_BLOCKS = YES;
				GCC_OPTIMIZATION_LEVEL = 0;
				GCC_PREPROCESSOR_DEFINITIONS = (
					"DEBUG=1",
					"$(inherited)",
				);
				GCC_WARN_64_TO_32_BIT_CONVERSION = YES;
				GCC_WARN_ABOUT_RETURN_TYPE = YES_ERROR;
				GCC_WARN_UNDECLARED_SELECTOR = YES;
				GCC_WARN_UNINITIALIZED_AUTOS = YES_AGGRESSIVE;
				GCC_WARN_UNUSED_FUNCTION = YES;
				GCC_WARN_UNUSED_VARIABLE = YES;
				IPHONEOS_DEPLOYMENT_TARGET = 9.3;
				MTL_ENABLE_DEBUG_INFO = YES;
				ONLY_ACTIVE_ARCH = YES;
				SDKROOT = iphoneos;
				TARGETED_DEVICE_FAMILY = "1,2";
			};
			name = Debug;
		};
		F8BBEC9B1D9081C800BCFDF7 /* Release */ = {
			isa = XCBuildConfiguration;
			buildSettings = {
				ALWAYS_SEARCH_USER_PATHS = NO;
				CLANG_ANALYZER_NONNULL = YES;
				CLANG_CXX_LANGUAGE_STANDARD = "gnu++0x";
				CLANG_CXX_LIBRARY = "libc++";
				CLANG_ENABLE_MODULES = YES;
				CLANG_ENABLE_OBJC_ARC = YES;
				CLANG_WARN_BOOL_CONVERSION = YES;
				CLANG_WARN_CONSTANT_CONVERSION = YES;
				CLANG_WARN_DIRECT_OBJC_ISA_USAGE = YES_ERROR;
				CLANG_WARN_EMPTY_BODY = YES;
				CLANG_WARN_ENUM_CONVERSION = YES;
				CLANG_WARN_INT_CONVERSION = YES;
				CLANG_WARN_OBJC_ROOT_CLASS = YES_ERROR;
				CLANG_WARN_UNREACHABLE_CODE = YES;
				CLANG_WARN__DUPLICATE_METHOD_MATCH = YES;
				"CODE_SIGN_IDENTITY[sdk=iphoneos*]" = "iPhone Developer";
				COPY_PHASE_STRIP = NO;
				DEBUG_INFORMATION_FORMAT = "dwarf-with-dsym";
				ENABLE_NS_ASSERTIONS = NO;
				ENABLE_STRICT_OBJC_MSGSEND = YES;
				GCC_C_LANGUAGE_STANDARD = gnu99;
				GCC_NO_COMMON_BLOCKS = YES;
				GCC_WARN_64_TO_32_BIT_CONVERSION = YES;
				GCC_WARN_ABOUT_RETURN_TYPE = YES_ERROR;
				GCC_WARN_UNDECLARED_SELECTOR = YES;
				GCC_WARN_UNINITIALIZED_AUTOS = YES_AGGRESSIVE;
				GCC_WARN_UNUSED_FUNCTION = YES;
				GCC_WARN_UNUSED_VARIABLE = YES;
				IPHONEOS_DEPLOYMENT_TARGET = 9.3;
				MTL_ENABLE_DEBUG_INFO = NO;
				SDKROOT = iphoneos;
				TARGETED_DEVICE_FAMILY = "1,2";
				VALIDATE_PRODUCT = YES;
			};
			name = Release;
		};
		F8BBEC9D1D9081C800BCFDF7 /* Debug */ = {
			isa = XCBuildConfiguration;
			buildSettings = {
				ASSETCATALOG_COMPILER_APPICON_NAME = AppIcon;
				DEVELOPMENT_TEAM = A4LJ2YC4BS;
				INFOPLIST_FILE = SharkFeed/Info.plist;
				LD_RUNPATH_SEARCH_PATHS = "$(inherited) @executable_path/Frameworks";
				PRODUCT_BUNDLE_IDENTIFIER = com.yahoo.SharkFeed;
				PRODUCT_NAME = "$(TARGET_NAME)";
			};
			name = Debug;
		};
		F8BBEC9E1D9081C800BCFDF7 /* Release */ = {
			isa = XCBuildConfiguration;
			buildSettings = {
				ASSETCATALOG_COMPILER_APPICON_NAME = AppIcon;
				DEVELOPMENT_TEAM = A4LJ2YC4BS;
				INFOPLIST_FILE = SharkFeed/Info.plist;
				LD_RUNPATH_SEARCH_PATHS = "$(inherited) @executable_path/Frameworks";
				PRODUCT_BUNDLE_IDENTIFIER = com.yahoo.SharkFeed;
				PRODUCT_NAME = "$(TARGET_NAME)";
			};
			name = Release;
		};
/* End XCBuildConfiguration section */

/* Begin XCConfigurationList section */
		F8BBEC801D9081C800BCFDF7 /* Build configuration list for PBXProject "SharkFeed" */ = {
			isa = XCConfigurationList;
			buildConfigurations = (
				F8BBEC9A1D9081C800BCFDF7 /* Debug */,
				F8BBEC9B1D9081C800BCFDF7 /* Release */,
			);
			defaultConfigurationIsVisible = 0;
			defaultConfigurationName = Release;
		};
		F8BBEC9C1D9081C800BCFDF7 /* Build configuration list for PBXNativeTarget "SharkFeed" */ = {
			isa = XCConfigurationList;
			buildConfigurations = (
				F8BBEC9D1D9081C800BCFDF7 /* Debug */,
				F8BBEC9E1D9081C800BCFDF7 /* Release */,
			);
			defaultConfigurationIsVisible = 0;
			defaultConfigurationName = Release;
		};
/* End XCConfigurationList section */
	};
	rootObject = F8BBEC7D1D9081C800BCFDF7 /* Project object */;
}
